
Microsoft Visual Studio Solution File, Format Version 12.00
# Visual Studio Version 16
VisualStudioVersion = 16.0.33328.57
MinimumVisualStudioVersion = 10.0.40219.1
Project("{8BC9CEB8-8B4A-11D0-8D11-00A0C91BC942}") = "SRTF", "SRTF\SRTF.vcxproj", "{9348A17B-D490-4C6A-932D-FEC210C216AA}"
EndProject
Global
	GlobalSection(SolutionConfigurationPlatforms) = preSolution
		Debug|x64 = Debug|x64
		Debug|x86 = Debug|x86
		Release|x64 = Release|x64
		Release|x86 = Release|x86
	EndGlobalSection
	GlobalSection(ProjectConfigurationPlatforms) = postSolution
		{9348A17B-D490-4C6A-932D-FEC210C216AA}.Debug|x64.ActiveCfg = Debug|x64
		{9348A17B-D490-4C6A-932D-FEC210C216AA}.Debug|x64.Build.0 = Debug|x64
		{9348A17B-D490-4C6A-932D-FEC210C216AA}.Debug|x86.ActiveCfg = Debug|Win32
		{9348A17B-D490-4C6A-932D-FEC210C216AA}.Debug|x86.Build.0 = Debug|Win32
		{9348A17B-D490-4C6A-932D-FEC210C216AA}.Release|x64.ActiveCfg = Release|x64
		{9348A17B-D490-4C6A-932D-FEC210C216AA}.Release|x64.Build.0 = Release|x64
		{9348A17B-D490-4C6A-932D-FEC210C216AA}.Release|x86.ActiveCfg = Release|Win32
		{9348A17B-D490-4C6A-932D-FEC210C216AA}.Release|x86.Build.0 = Release|Win32
	EndGlobalSection
	GlobalSection(SolutionProperties) = preSolution
		HideSolutionNode = FALSE
	EndGlobalSection
	GlobalSection(ExtensibilityGlobals) = postSolution
		SolutionGuid = {666BE9DF-9DD1-449B-8C36-22F8FA00FE94}
	EndGlobalSection
EndGlobal
